
Microsoft Visual Studio Solution File, Format Version 12.00
# Visual Studio Version 17
VisualStudioVersion = 17.14.36109.1 d17.14
MinimumVisualStudioVersion = 10.0.40219.1
Project("{FAE04EC0-301F-11D3-BF4B-00C04F79EFBC}") = "CookieCookbook", "CookieCookbook.csproj", "{71F6C4B6-3DC5-40A0-AF2D-7FBDFF4870ED}"
EndProject
Global
	GlobalSection(SolutionConfigurationPlatforms) = preSolution
		Debug|Any CPU = Debug|Any CPU
		Release|Any CPU = Release|Any CPU
	EndGlobalSection
	GlobalSection(ProjectConfigurationPlatforms) = postSolution
		{71F6C4B6-3DC5-40A0-AF2D-7FBDFF4870ED}.Debug|Any CPU.ActiveCfg = Debug|Any CPU
		{71F6C4B6-3DC5-40A0-AF2D-7FBDFF4870ED}.Debug|Any CPU.Build.0 = Debug|Any CPU
		{71F6C4B6-3DC5-40A0-AF2D-7FBDFF4870ED}.Release|Any CPU.ActiveCfg = Release|Any CPU
		{71F6C4B6-3DC5-40A0-AF2D-7FBDFF4870ED}.Release|Any CPU.Build.0 = Release|Any CPU
	EndGlobalSection
	GlobalSection(SolutionProperties) = preSolution
		HideSolutionNode = FALSE
	EndGlobalSection
	GlobalSection(ExtensibilityGlobals) = postSolution
		SolutionGuid = {775F5DF6-E289-4F77-816E-1766F9EF671F}
	EndGlobalSection
EndGlobal
